
Microsoft Visual Studio Solution File, Format Version 12.00
# Visual Studio Version 17
VisualStudioVersion = 17.5.33424.131
MinimumVisualStudioVersion = 10.0.40219.1
Project("{9A19103F-16F7-4668-BE54-9A1E7A4F7556}") = "TestProject1", "TestProject1\TestProject1.csproj", "{3555DE8C-7D78-4D4C-BD3F-2FEAC03C1C0B}"
EndProject
Project("{FAE04EC0-301F-11D3-BF4B-00C04F79EFBC}") = "UiTests", "UiTests\UiTests.csproj", "{0650BBD9-4335-4BCA-89EE-9B6E3FA6FBBC}"
EndProject
Global
	GlobalSection(SolutionConfigurationPlatforms) = preSolution
		Debug|Any CPU = Debug|Any CPU
		Release|Any CPU = Release|Any CPU
	EndGlobalSection
	GlobalSection(ProjectConfigurationPlatforms) = postSolution
		{3555DE8C-7D78-4D4C-BD3F-2FEAC03C1C0B}.Debug|Any CPU.ActiveCfg = Debug|Any CPU
		{3555DE8C-7D78-4D4C-BD3F-2FEAC03C1C0B}.Debug|Any CPU.Build.0 = Debug|Any CPU
		{3555DE8C-7D78-4D4C-BD3F-2FEAC03C1C0B}.Release|Any CPU.ActiveCfg = Release|Any CPU
		{3555DE8C-7D78-4D4C-BD3F-2FEAC03C1C0B}.Release|Any CPU.Build.0 = Release|Any CPU
		{0650BBD9-4335-4BCA-89EE-9B6E3FA6FBBC}.Debug|Any CPU.ActiveCfg = Debug|Any CPU
		{0650BBD9-4335-4BCA-89EE-9B6E3FA6FBBC}.Debug|Any CPU.Build.0 = Debug|Any CPU
		{0650BBD9-4335-4BCA-89EE-9B6E3FA6FBBC}.Release|Any CPU.ActiveCfg = Release|Any CPU
		{0650BBD9-4335-4BCA-89EE-9B6E3FA6FBBC}.Release|Any CPU.Build.0 = Release|Any CPU
	EndGlobalSection
	GlobalSection(SolutionProperties) = preSolution
		HideSolutionNode = FALSE
	EndGlobalSection
	GlobalSection(ExtensibilityGlobals) = postSolution
		SolutionGuid = {C89BEA8D-B9C7-4250-A0FC-F5432D0F373D}
	EndGlobalSection
EndGlobal
